// !$*UTF8*$!
{
	archiveVersion = 1;
	classes = {
	};
	objectVersion = 56;
	objects = {

/* Begin PBXBuildFile section */
		9F19E9702BA5722C0059D8A1 /* SwiftUIDemoApp.swift in Sources */ = {isa = PBXBuildFile; fileRef = 9F19E96F2BA5722C0059D8A1 /* SwiftUIDemoApp.swift */; };
		9F19E9722BA5722C0059D8A1 /* ContentView.swift in Sources */ = {isa = PBXBuildFile; fileRef = 9F19E9712BA5722C0059D8A1 /* ContentView.swift */; };
		9F19E9742BA5722D0059D8A1 /* Assets.xcassets in Resources */ = {isa = PBXBuildFile; fileRef = 9F19E9732BA5722D0059D8A1 /* Assets.xcassets */; };
		9F19E9772BA5722D0059D8A1 /* Preview Assets.xcassets in Resources */ = {isa = PBXBuildFile; fileRef = 9F19E9762BA5722D0059D8A1 /* Preview Assets.xcassets */; };
		9F19E9812BA5733A0059D8A1 /* ButtonDemo.swift in Sources */ = {isa = PBXBuildFile; fileRef = 9F19E9802BA5733A0059D8A1 /* ButtonDemo.swift */; };
		9F19E9832BA573A20059D8A1 /* TextFieldDemo.swift in Sources */ = {isa = PBXBuildFile; fileRef = 9F19E9822BA573A20059D8A1 /* TextFieldDemo.swift */; };
		9F19E9852BA573F60059D8A1 /* FormDemo.swift in Sources */ = {isa = PBXBuildFile; fileRef = 9F19E9842BA573F60059D8A1 /* FormDemo.swift */; };
		9F19E9872BA574450059D8A1 /* LabelDemo.swift in Sources */ = {isa = PBXBuildFile; fileRef = 9F19E9862BA574450059D8A1 /* LabelDemo.swift */; };
		9F19E9892BA574940059D8A1 /* ToggleDemo.swift in Sources */ = {isa = PBXBuildFile; fileRef = 9F19E9882BA574940059D8A1 /* ToggleDemo.swift */; };
		9F19E98B2BA574ED0059D8A1 /* SliderDemo.swift in Sources */ = {isa = PBXBuildFile; fileRef = 9F19E98A2BA574ED0059D8A1 /* SliderDemo.swift */; };
		9F19E98D2BA575390059D8A1 /* ImageViewDemo.swift in Sources */ = {isa = PBXBuildFile; fileRef = 9F19E98C2BA575390059D8A1 /* ImageViewDemo.swift */; };
		9F19E98F2BA5758B0059D8A1 /* ShapesDemo.swift in Sources */ = {isa = PBXBuildFile; fileRef = 9F19E98E2BA5758B0059D8A1 /* ShapesDemo.swift */; };
		9F19E9912BA575A90059D8A1 /* CombineShapesDemo.swift in Sources */ = {isa = PBXBuildFile; fileRef = 9F19E9902BA575A90059D8A1 /* CombineShapesDemo.swift */; };
		9F19E9932BA575EC0059D8A1 /* StackViewDemo.swift in Sources */ = {isa = PBXBuildFile; fileRef = 9F19E9922BA575EC0059D8A1 /* StackViewDemo.swift */; };
		9F19E9952BA576440059D8A1 /* VerticalScrollViewDemo.swift in Sources */ = {isa = PBXBuildFile; fileRef = 9F19E9942BA576440059D8A1 /* VerticalScrollViewDemo.swift */; };
		9F19E9972BA576650059D8A1 /* HorizontalScrollViewDemo.swift in Sources */ = {isa = PBXBuildFile; fileRef = 9F19E9962BA576650059D8A1 /* HorizontalScrollViewDemo.swift */; };
		9F19E99B2BA5795F0059D8A1 /* PickerViewDemo.swift in Sources */ = {isa = PBXBuildFile; fileRef = 9F19E99A2BA5795F0059D8A1 /* PickerViewDemo.swift */; };
		9F19E99D2BA583DC0059D8A1 /* StepperDemo.swift in Sources */ = {isa = PBXBuildFile; fileRef = 9F19E99C2BA583DC0059D8A1 /* StepperDemo.swift */; };
		9F19E99F2BA586590059D8A1 /* TextEditorDemo.swift in Sources */ = {isa = PBXBuildFile; fileRef = 9F19E99E2BA586590059D8A1 /* TextEditorDemo.swift */; };
		9F19E9A12BA588B50059D8A1 /* ColorPickerDemo.swift in Sources */ = {isa = PBXBuildFile; fileRef = 9F19E9A02BA588B50059D8A1 /* ColorPickerDemo.swift */; };
		9F2C48BB2C01C1190060F198 /* Login.swift in Sources */ = {isa = PBXBuildFile; fileRef = 9F2C48BA2C01C1190060F198 /* Login.swift */; };
		9F2C48BF2C01FFED0060F198 /* HomeScreen.swift in Sources */ = {isa = PBXBuildFile; fileRef = 9F2C48BE2C01FFED0060F198 /* HomeScreen.swift */; };
		9F678F1E2BCA782700F68D36 /* DatePickerDemo.swift in Sources */ = {isa = PBXBuildFile; fileRef = 9F678F1D2BCA782700F68D36 /* DatePickerDemo.swift */; };
		9F678F222BCA7C7F00F68D36 /* WebViewDemo.swift in Sources */ = {isa = PBXBuildFile; fileRef = 9F678F212BCA7C7F00F68D36 /* WebViewDemo.swift */; };
/* End PBXBuildFile section */

/* Begin PBXFileReference section */
		9F19E96C2BA5722C0059D8A1 /* SwiftUIDemo.app */ = {isa = PBXFileReference; explicitFileType = wrapper.application; includeInIndex = 0; path = SwiftUIDemo.app; sourceTree = BUILT_PRODUCTS_DIR; };
		9F19E96F2BA5722C0059D8A1 /* SwiftUIDemoApp.swift */ = {isa = PBXFileReference; lastKnownFileType = sourcecode.swift; path = SwiftUIDemoApp.swift; sourceTree = "<group>"; };
		9F19E9712BA5722C0059D8A1 /* ContentView.swift */ = {isa = PBXFileReference; lastKnownFileType = sourcecode.swift; path = ContentView.swift; sourceTree = "<group>"; };
		9F19E9732BA5722D0059D8A1 /* Assets.xcassets */ = {isa = PBXFileReference; lastKnownFileType = folder.assetcatalog; path = Assets.xcassets; sourceTree = "<group>"; };
		9F19E9762BA5722D0059D8A1 /* Preview Assets.xcassets */ = {isa = PBXFileReference; lastKnownFileType = folder.assetcatalog; path = "Preview Assets.xcassets"; sourceTree = "<group>"; };
		9F19E9802BA5733A0059D8A1 /* ButtonDemo.swift */ = {isa = PBXFileReference; lastKnownFileType = sourcecode.swift; path = ButtonDemo.swift; sourceTree = "<group>"; };
		9F19E9822BA573A20059D8A1 /* TextFieldDemo.swift */ = {isa = PBXFileReference; lastKnownFileType = sourcecode.swift; path = TextFieldDemo.swift; sourceTree = "<group>"; };
		9F19E9842BA573F60059D8A1 /* FormDemo.swift */ = {isa = PBXFileReference; lastKnownFileType = sourcecode.swift; path = FormDemo.swift; sourceTree = "<group>"; };
		9F19E9862BA574450059D8A1 /* LabelDemo.swift */ = {isa = PBXFileReference; lastKnownFileType = sourcecode.swift; path = LabelDemo.swift; sourceTree = "<group>"; };
		9F19E9882BA574940059D8A1 /* ToggleDemo.swift */ = {isa = PBXFileReference; lastKnownFileType = sourcecode.swift; path = ToggleDemo.swift; sourceTree = "<group>"; };
		9F19E98A2BA574ED0059D8A1 /* SliderDemo.swift */ = {isa = PBXFileReference; lastKnownFileType = sourcecode.swift; path = SliderDemo.swift; sourceTree = "<group>"; };
		9F19E98C2BA575390059D8A1 /* ImageViewDemo.swift */ = {isa = PBXFileReference; lastKnownFileType = sourcecode.swift; path = ImageViewDemo.swift; sourceTree = "<group>"; };
		9F19E98E2BA5758B0059D8A1 /* ShapesDemo.swift */ = {isa = PBXFileReference; lastKnownFileType = sourcecode.swift; path = ShapesDemo.swift; sourceTree = "<group>"; };
		9F19E9902BA575A90059D8A1 /* CombineShapesDemo.swift */ = {isa = PBXFileReference; lastKnownFileType = sourcecode.swift; path = CombineShapesDemo.swift; sourceTree = "<group>"; };
		9F19E9922BA575EC0059D8A1 /* StackViewDemo.swift */ = {isa = PBXFileReference; lastKnownFileType = sourcecode.swift; path = StackViewDemo.swift; sourceTree = "<group>"; };
		9F19E9942BA576440059D8A1 /* VerticalScrollViewDemo.swift */ = {isa = PBXFileReference; lastKnownFileType = sourcecode.swift; path = VerticalScrollViewDemo.swift; sourceTree = "<group>"; };
		9F19E9962BA576650059D8A1 /* HorizontalScrollViewDemo.swift */ = {isa = PBXFileReference; lastKnownFileType = sourcecode.swift; path = HorizontalScrollViewDemo.swift; sourceTree = "<group>"; };
		9F19E99A2BA5795F0059D8A1 /* PickerViewDemo.swift */ = {isa = PBXFileReference; lastKnownFileType = sourcecode.swift; path = PickerViewDemo.swift; sourceTree = "<group>"; };
		9F19E99C2BA583DC0059D8A1 /* StepperDemo.swift */ = {isa = PBXFileReference; lastKnownFileType = sourcecode.swift; path = StepperDemo.swift; sourceTree = "<group>"; };
		9F19E99E2BA586590059D8A1 /* TextEditorDemo.swift */ = {isa = PBXFileReference; lastKnownFileType = sourcecode.swift; path = TextEditorDemo.swift; sourceTree = "<group>"; };
		9F19E9A02BA588B50059D8A1 /* ColorPickerDemo.swift */ = {isa = PBXFileReference; lastKnownFileType = sourcecode.swift; path = ColorPickerDemo.swift; sourceTree = "<group>"; };
		9F2C48BA2C01C1190060F198 /* Login.swift */ = {isa = PBXFileReference; lastKnownFileType = sourcecode.swift; path = Login.swift; sourceTree = "<group>"; };
		9F2C48BE2C01FFED0060F198 /* HomeScreen.swift */ = {isa = PBXFileReference; lastKnownFileType = sourcecode.swift; path = HomeScreen.swift; sourceTree = "<group>"; };
		9F678F1D2BCA782700F68D36 /* DatePickerDemo.swift */ = {isa = PBXFileReference; lastKnownFileType = sourcecode.swift; path = DatePickerDemo.swift; sourceTree = "<group>"; };
		9F678F212BCA7C7F00F68D36 /* WebViewDemo.swift */ = {isa = PBXFileReference; lastKnownFileType = sourcecode.swift; path = WebViewDemo.swift; sourceTree = "<group>"; };
/* End PBXFileReference section */

/* Begin PBXFrameworksBuildPhase section */
		9F19E9692BA5722C0059D8A1 /* Frameworks */ = {
			isa = PBXFrameworksBuildPhase;
			buildActionMask = 2147483647;
			files = (
			);
			runOnlyForDeploymentPostprocessing = 0;
		};
/* End PBXFrameworksBuildPhase section */

/* Begin PBXGroup section */
		9F19E9632BA5722C0059D8A1 = {
			isa = PBXGroup;
			children = (
				9F19E96E2BA5722C0059D8A1 /* SwiftUIDemo */,
				9F19E96D2BA5722C0059D8A1 /* Products */,
			);
			sourceTree = "<group>";
		};
		9F19E96D2BA5722C0059D8A1 /* Products */ = {
			isa = PBXGroup;
			children = (
				9F19E96C2BA5722C0059D8A1 /* SwiftUIDemo.app */,
			);
			name = Products;
			sourceTree = "<group>";
		};
		9F19E96E2BA5722C0059D8A1 /* SwiftUIDemo */ = {
			isa = PBXGroup;
			children = (
				9F19E96F2BA5722C0059D8A1 /* SwiftUIDemoApp.swift */,
				9F19E9712BA5722C0059D8A1 /* ContentView.swift */,
				9F19E9732BA5722D0059D8A1 /* Assets.xcassets */,
				9F19E97D2BA573110059D8A1 /* UIcomponents */,
				9F2C48B92C01C0550060F198 /* Navigation */,
				9F19E9752BA5722D0059D8A1 /* Preview Content */,
			);
			path = SwiftUIDemo;
			sourceTree = "<group>";
		};
		9F19E9752BA5722D0059D8A1 /* Preview Content */ = {
			isa = PBXGroup;
			children = (
				9F19E9762BA5722D0059D8A1 /* Preview Assets.xcassets */,
			);
			path = "Preview Content";
			sourceTree = "<group>";
		};
		9F19E97D2BA573110059D8A1 /* UIcomponents */ = {
			isa = PBXGroup;
			children = (
				9F19E9802BA5733A0059D8A1 /* ButtonDemo.swift */,
				9F19E9822BA573A20059D8A1 /* TextFieldDemo.swift */,
				9F19E9842BA573F60059D8A1 /* FormDemo.swift */,
				9F19E9862BA574450059D8A1 /* LabelDemo.swift */,
				9F19E9882BA574940059D8A1 /* ToggleDemo.swift */,
				9F19E98A2BA574ED0059D8A1 /* SliderDemo.swift */,
				9F19E98C2BA575390059D8A1 /* ImageViewDemo.swift */,
				9F19E98E2BA5758B0059D8A1 /* ShapesDemo.swift */,
				9F19E9902BA575A90059D8A1 /* CombineShapesDemo.swift */,
				9F19E9922BA575EC0059D8A1 /* StackViewDemo.swift */,
				9F19E9942BA576440059D8A1 /* VerticalScrollViewDemo.swift */,
				9F19E9962BA576650059D8A1 /* HorizontalScrollViewDemo.swift */,
				9F19E99A2BA5795F0059D8A1 /* PickerViewDemo.swift */,
				9F19E99C2BA583DC0059D8A1 /* StepperDemo.swift */,
				9F19E99E2BA586590059D8A1 /* TextEditorDemo.swift */,
				9F19E9A02BA588B50059D8A1 /* ColorPickerDemo.swift */,
				9F678F1D2BCA782700F68D36 /* DatePickerDemo.swift */,
				9F678F212BCA7C7F00F68D36 /* WebViewDemo.swift */,
			);
			path = UIcomponents;
			sourceTree = "<group>";
		};
		9F2C48B92C01C0550060F198 /* Navigation */ = {
			isa = PBXGroup;
			children = (
				9F2C48BA2C01C1190060F198 /* Login.swift */,
				9F2C48BE2C01FFED0060F198 /* HomeScreen.swift */,
			);
			path = Navigation;
			sourceTree = "<group>";
		};
/* End PBXGroup section */

/* Begin PBXNativeTarget section */
		9F19E96B2BA5722C0059D8A1 /* SwiftUIDemo */ = {
			isa = PBXNativeTarget;
			buildConfigurationList = 9F19E97A2BA5722D0059D8A1 /* Build configuration list for PBXNativeTarget "SwiftUIDemo" */;
			buildPhases = (
				9F19E9682BA5722C0059D8A1 /* Sources */,
				9F19E9692BA5722C0059D8A1 /* Frameworks */,
				9F19E96A2BA5722C0059D8A1 /* Resources */,
			);
			buildRules = (
			);
			dependencies = (
			);
			name = SwiftUIDemo;
			productName = SwiftUIDemo;
			productReference = 9F19E96C2BA5722C0059D8A1 /* SwiftUIDemo.app */;
			productType = "com.apple.product-type.application";
		};
/* End PBXNativeTarget section */

/* Begin PBXProject section */
		9F19E9642BA5722C0059D8A1 /* Project object */ = {
			isa = PBXProject;
			attributes = {
				BuildIndependentTargetsInParallel = 1;
				LastSwiftUpdateCheck = 1530;
				LastUpgradeCheck = 1530;
				TargetAttributes = {
					9F19E96B2BA5722C0059D8A1 = {
						CreatedOnToolsVersion = 15.3;
					};
				};
			};
			buildConfigurationList = 9F19E9672BA5722C0059D8A1 /* Build configuration list for PBXProject "SwiftUIDemo" */;
			compatibilityVersion = "Xcode 14.0";
			developmentRegion = en;
			hasScannedForEncodings = 0;
			knownRegions = (
				en,
				Base,
			);
			mainGroup = 9F19E9632BA5722C0059D8A1;
			productRefGroup = 9F19E96D2BA5722C0059D8A1 /* Products */;
			projectDirPath = "";
			projectRoot = "";
			targets = (
				9F19E96B2BA5722C0059D8A1 /* SwiftUIDemo */,
			);
		};
/* End PBXProject section */

/* Begin PBXResourcesBuildPhase section */
		9F19E96A2BA5722C0059D8A1 /* Resources */ = {
			isa = PBXResourcesBuildPhase;
			buildActionMask = 2147483647;
			files = (
				9F19E9772BA5722D0059D8A1 /* Preview Assets.xcassets in Resources */,
				9F19E9742BA5722D0059D8A1 /* Assets.xcassets in Resources */,
			);
			runOnlyForDeploymentPostprocessing = 0;
		};
/* End PBXResourcesBuildPhase section */

/* Begin PBXSourcesBuildPhase section */
		9F19E9682BA5722C0059D8A1 /* Sources */ = {
			isa = PBXSourcesBuildPhase;
			buildActionMask = 2147483647;
			files = (
				9F2C48BB2C01C1190060F198 /* Login.swift in Sources */,
				9F19E99F2BA586590059D8A1 /* TextEditorDemo.swift in Sources */,
				9F19E9972BA576650059D8A1 /* HorizontalScrollViewDemo.swift in Sources */,
				9F19E98F2BA5758B0059D8A1 /* ShapesDemo.swift in Sources */,
				9F2C48BF2C01FFED0060F198 /* HomeScreen.swift in Sources */,
				9F19E9832BA573A20059D8A1 /* TextFieldDemo.swift in Sources */,
				9F19E9872BA574450059D8A1 /* LabelDemo.swift in Sources */,
				9F19E99D2BA583DC0059D8A1 /* StepperDemo.swift in Sources */,
				9F678F222BCA7C7F00F68D36 /* WebViewDemo.swift in Sources */,
				9F678F1E2BCA782700F68D36 /* DatePickerDemo.swift in Sources */,
				9F19E9892BA574940059D8A1 /* ToggleDemo.swift in Sources */,
				9F19E9932BA575EC0059D8A1 /* StackViewDemo.swift in Sources */,
				9F19E9A12BA588B50059D8A1 /* ColorPickerDemo.swift in Sources */,
				9F19E98B2BA574ED0059D8A1 /* SliderDemo.swift in Sources */,
				9F19E9912BA575A90059D8A1 /* CombineShapesDemo.swift in Sources */,
				9F19E99B2BA5795F0059D8A1 /* PickerViewDemo.swift in Sources */,
				9F19E9952BA576440059D8A1 /* VerticalScrollViewDemo.swift in Sources */,
				9F19E9722BA5722C0059D8A1 /* ContentView.swift in Sources */,
				9F19E9702BA5722C0059D8A1 /* SwiftUIDemoApp.swift in Sources */,
				9F19E9812BA5733A0059D8A1 /* ButtonDemo.swift in Sources */,
				9F19E98D2BA575390059D8A1 /* ImageViewDemo.swift in Sources */,
				9F19E9852BA573F60059D8A1 /* FormDemo.swift in Sources */,
			);
			runOnlyForDeploymentPostprocessing = 0;
		};
/* End PBXSourcesBuildPhase section */

/* Begin XCBuildConfiguration section */
		9F19E9782BA5722D0059D8A1 /* Debug */ = {
			isa = XCBuildConfiguration;
			buildSettings = {
				ALWAYS_SEARCH_USER_PATHS = NO;
				ASSETCATALOG_COMPILER_GENERATE_SWIFT_ASSET_SYMBOL_EXTENSIONS = YES;
				CLANG_ANALYZER_NONNULL = YES;
				CLANG_ANALYZER_NUMBER_OBJECT_CONVERSION = YES_AGGRESSIVE;
				CLANG_CXX_LANGUAGE_STANDARD = "gnu++20";
				CLANG_ENABLE_MODULES = YES;
				CLANG_ENABLE_OBJC_ARC = YES;
				CLANG_ENABLE_OBJC_WEAK = YES;
				CLANG_WARN_BLOCK_CAPTURE_AUTORELEASING = YES;
				CLANG_WARN_BOOL_CONVERSION = YES;
				CLANG_WARN_COMMA = YES;
				CLANG_WARN_CONSTANT_CONVERSION = YES;
				CLANG_WARN_DEPRECATED_OBJC_IMPLEMENTATIONS = YES;
				CLANG_WARN_DIRECT_OBJC_ISA_USAGE = YES_ERROR;
				CLANG_WARN_DOCUMENTATION_COMMENTS = YES;
				CLANG_WARN_EMPTY_BODY = YES;
				CLANG_WARN_ENUM_CONVERSION = YES;
				CLANG_WARN_INFINITE_RECURSION = YES;
				CLANG_WARN_INT_CONVERSION = YES;
				CLANG_WARN_NON_LITERAL_NULL_CONVERSION = YES;
				CLANG_WARN_OBJC_IMPLICIT_RETAIN_SELF = YES;
				CLANG_WARN_OBJC_LITERAL_CONVERSION = YES;
				CLANG_WARN_OBJC_ROOT_CLASS = YES_ERROR;
				CLANG_WARN_QUOTED_INCLUDE_IN_FRAMEWORK_HEADER = YES;
				CLANG_WARN_RANGE_LOOP_ANALYSIS = YES;
				CLANG_WARN_STRICT_PROTOTYPES = YES;
				CLANG_WARN_SUSPICIOUS_MOVE = YES;
				CLANG_WARN_UNGUARDED_AVAILABILITY = YES_AGGRESSIVE;
				CLANG_WARN_UNREACHABLE_CODE = YES;
				CLANG_WARN__DUPLICATE_METHOD_MATCH = YES;
				COPY_PHASE_STRIP = NO;
				DEBUG_INFORMATION_FORMAT = dwarf;
				ENABLE_STRICT_OBJC_MSGSEND = YES;
				ENABLE_TESTABILITY = YES;
				ENABLE_USER_SCRIPT_SANDBOXING = YES;
				GCC_C_LANGUAGE_STANDARD = gnu17;
				GCC_DYNAMIC_NO_PIC = NO;
				GCC_NO_COMMON_BLOCKS = YES;
				GCC_OPTIMIZATION_LEVEL = 0;
				GCC_PREPROCESSOR_DEFINITIONS = (
					"DEBUG=1",
					"$(inherited)",
				);
				GCC_WARN_64_TO_32_BIT_CONVERSION = YES;
				GCC_WARN_ABOUT_RETURN_TYPE = YES_ERROR;
				GCC_WARN_UNDECLARED_SELECTOR = YES;
				GCC_WARN_UNINITIALIZED_AUTOS = YES_AGGRESSIVE;
				GCC_WARN_UNUSED_FUNCTION = YES;
				GCC_WARN_UNUSED_VARIABLE = YES;
				IPHONEOS_DEPLOYMENT_TARGET = 17.4;
				LOCALIZATION_PREFERS_STRING_CATALOGS = YES;
				MTL_ENABLE_DEBUG_INFO = INCLUDE_SOURCE;
				MTL_FAST_MATH = YES;
				ONLY_ACTIVE_ARCH = YES;
				SDKROOT = iphoneos;
				SWIFT_ACTIVE_COMPILATION_CONDITIONS = "DEBUG $(inherited)";
				SWIFT_OPTIMIZATION_LEVEL = "-Onone";
			};
			name = Debug;
		};
		9F19E9792BA5722D0059D8A1 /* Release */ = {
			isa = XCBuildConfiguration;
			buildSettings = {
				ALWAYS_SEARCH_USER_PATHS = NO;
				ASSETCATALOG_COMPILER_GENERATE_SWIFT_ASSET_SYMBOL_EXTENSIONS = YES;
				CLANG_ANALYZER_NONNULL = YES;
				CLANG_ANALYZER_NUMBER_OBJECT_CONVERSION = YES_AGGRESSIVE;
				CLANG_CXX_LANGUAGE_STANDARD = "gnu++20";
				CLANG_ENABLE_MODULES = YES;
				CLANG_ENABLE_OBJC_ARC = YES;
				CLANG_ENABLE_OBJC_WEAK = YES;
				CLANG_WARN_BLOCK_CAPTURE_AUTORELEASING = YES;
				CLANG_WARN_BOOL_CONVERSION = YES;
				CLANG_WARN_COMMA = YES;
				CLANG_WARN_CONSTANT_CONVERSION = YES;
				CLANG_WARN_DEPRECATED_OBJC_IMPLEMENTATIONS = YES;
				CLANG_WARN_DIRECT_OBJC_ISA_USAGE = YES_ERROR;
				CLANG_WARN_DOCUMENTATION_COMMENTS = YES;
				CLANG_WARN_EMPTY_BODY = YES;
				CLANG_WARN_ENUM_CONVERSION = YES;
				CLANG_WARN_INFINITE_RECURSION = YES;
				CLANG_WARN_INT_CONVERSION = YES;
				CLANG_WARN_NON_LITERAL_NULL_CONVERSION = YES;
				CLANG_WARN_OBJC_IMPLICIT_RETAIN_SELF = YES;
				CLANG_WARN_OBJC_LITERAL_CONVERSION = YES;
				CLANG_WARN_OBJC_ROOT_CLASS = YES_ERROR;
				CLANG_WARN_QUOTED_INCLUDE_IN_FRAMEWORK_HEADER = YES;
				CLANG_WARN_RANGE_LOOP_ANALYSIS = YES;
				CLANG_WARN_STRICT_PROTOTYPES = YES;
				CLANG_WARN_SUSPICIOUS_MOVE = YES;
				CLANG_WARN_UNGUARDED_AVAILABILITY = YES_AGGRESSIVE;
				CLANG_WARN_UNREACHABLE_CODE = YES;
				CLANG_WARN__DUPLICATE_METHOD_MATCH = YES;
				COPY_PHASE_STRIP = NO;
				DEBUG_INFORMATION_FORMAT = "dwarf-with-dsym";
				ENABLE_NS_ASSERTIONS = NO;
				ENABLE_STRICT_OBJC_MSGSEND = YES;
				ENABLE_USER_SCRIPT_SANDBOXING = YES;
				GCC_C_LANGUAGE_STANDARD = gnu17;
				GCC_NO_COMMON_BLOCKS = YES;
				GCC_WARN_64_TO_32_BIT_CONVERSION = YES;
				GCC_WARN_ABOUT_RETURN_TYPE = YES_ERROR;
				GCC_WARN_UNDECLARED_SELECTOR = YES;
				GCC_WARN_UNINITIALIZED_AUTOS = YES_AGGRESSIVE;
				GCC_WARN_UNUSED_FUNCTION = YES;
				GCC_WARN_UNUSED_VARIABLE = YES;
				IPHONEOS_DEPLOYMENT_TARGET = 17.4;
				LOCALIZATION_PREFERS_STRING_CATALOGS = YES;
				MTL_ENABLE_DEBUG_INFO = NO;
				MTL_FAST_MATH = YES;
				SDKROOT = iphoneos;
				SWIFT_COMPILATION_MODE = wholemodule;
				VALIDATE_PRODUCT = YES;
			};
			name = Release;
		};
		9F19E97B2BA5722D0059D8A1 /* Debug */ = {
			isa = XCBuildConfiguration;
			buildSettings = {
				ASSETCATALOG_COMPILER_APPICON_NAME = AppIcon;
				ASSETCATALOG_COMPILER_GLOBAL_ACCENT_COLOR_NAME = AccentColor;
				CODE_SIGN_STYLE = Automatic;
				CURRENT_PROJECT_VERSION = 1;
				DEVELOPMENT_ASSET_PATHS = "\"SwiftUIDemo/Preview Content\"";
				DEVELOPMENT_TEAM = 578PBZ9XN4;
				ENABLE_PREVIEWS = YES;
				GENERATE_INFOPLIST_FILE = YES;
				INFOPLIST_KEY_UIApplicationSceneManifest_Generation = YES;
				INFOPLIST_KEY_UIApplicationSupportsIndirectInputEvents = YES;
				INFOPLIST_KEY_UILaunchScreen_Generation = YES;
				INFOPLIST_KEY_UISupportedInterfaceOrientations_iPad = "UIInterfaceOrientationPortrait UIInterfaceOrientationPortraitUpsideDown UIInterfaceOrientationLandscapeLeft UIInterfaceOrientationLandscapeRight";
				INFOPLIST_KEY_UISupportedInterfaceOrientations_iPhone = "UIInterfaceOrientationPortrait UIInterfaceOrientationLandscapeLeft UIInterfaceOrientationLandscapeRight";
				LD_RUNPATH_SEARCH_PATHS = (
					"$(inherited)",
					"@executable_path/Frameworks",
				);
				MARKETING_VERSION = 1.0;
				PRODUCT_BUNDLE_IDENTIFIER = com.demo.SwiftUIDemo;
				PRODUCT_NAME = "$(TARGET_NAME)";
				SWIFT_EMIT_LOC_STRINGS = YES;
				SWIFT_VERSION = 5.0;
				TARGETED_DEVICE_FAMILY = "1,2";
			};
			name = Debug;
		};
		9F19E97C2BA5722D0059D8A1 /* Release */ = {
			isa = XCBuildConfiguration;
			buildSettings = {
				ASSETCATALOG_COMPILER_APPICON_NAME = AppIcon;
				ASSETCATALOG_COMPILER_GLOBAL_ACCENT_COLOR_NAME = AccentColor;
				CODE_SIGN_STYLE = Automatic;
				CURRENT_PROJECT_VERSION = 1;
				DEVELOPMENT_ASSET_PATHS = "\"SwiftUIDemo/Preview Content\"";
				DEVELOPMENT_TEAM = 578PBZ9XN4;
				ENABLE_PREVIEWS = YES;
				GENERATE_INFOPLIST_FILE = YES;
				INFOPLIST_KEY_UIApplicationSceneManifest_Generation = YES;
				INFOPLIST_KEY_UIApplicationSupportsIndirectInputEvents = YES;
				INFOPLIST_KEY_UILaunchScreen_Generation = YES;
				INFOPLIST_KEY_UISupportedInterfaceOrientations_iPad = "UIInterfaceOrientationPortrait UIInterfaceOrientationPortraitUpsideDown UIInterfaceOrientationLandscapeLeft UIInterfaceOrientationLandscapeRight";
				INFOPLIST_KEY_UISupportedInterfaceOrientations_iPhone = "UIInterfaceOrientationPortrait UIInterfaceOrientationLandscapeLeft UIInterfaceOrientationLandscapeRight";
				LD_RUNPATH_SEARCH_PATHS = (
					"$(inherited)",
					"@executable_path/Frameworks",
				);
				MARKETING_VERSION = 1.0;
				PRODUCT_BUNDLE_IDENTIFIER = com.demo.SwiftUIDemo;
				PRODUCT_NAME = "$(TARGET_NAME)";
				SWIFT_EMIT_LOC_STRINGS = YES;
				SWIFT_VERSION = 5.0;
				TARGETED_DEVICE_FAMILY = "1,2";
			};
			name = Release;
		};
/* End XCBuildConfiguration section */

/* Begin XCConfigurationList section */
		9F19E9672BA5722C0059D8A1 /* Build configuration list for PBXProject "SwiftUIDemo" */ = {
			isa = XCConfigurationList;
			buildConfigurations = (
				9F19E9782BA5722D0059D8A1 /* Debug */,
				9F19E9792BA5722D0059D8A1 /* Release */,
			);
			defaultConfigurationIsVisible = 0;
			defaultConfigurationName = Release;
		};
		9F19E97A2BA5722D0059D8A1 /* Build configuration list for PBXNativeTarget "SwiftUIDemo" */ = {
			isa = XCConfigurationList;
			buildConfigurations = (
				9F19E97B2BA5722D0059D8A1 /* Debug */,
				9F19E97C2BA5722D0059D8A1 /* Release */,
			);
			defaultConfigurationIsVisible = 0;
			defaultConfigurationName = Release;
		};
/* End XCConfigurationList section */
	};
	rootObject = 9F19E9642BA5722C0059D8A1 /* Project object */;
}
